
Microsoft Visual Studio Solution File, Format Version 12.00
# Visual Studio Version 16
VisualStudioVersion = 16.0.29326.143
MinimumVisualStudioVersion = 10.0.40219.1
Project("{FAE04EC0-301F-11D3-BF4B-00C04F79EFBC}") = "Trabajo03-Gasolinera", "Trabajo03-Gasolinera\Trabajo03-Gasolinera.csproj", "{80AD2C74-CB15-45FD-BCCC-6AF11F659FBB}"
EndProject
Global
	GlobalSection(SolutionConfigurationPlatforms) = preSolution
		Debug|Any CPU = Debug|Any CPU
		Release|Any CPU = Release|Any CPU
	EndGlobalSection
	GlobalSection(ProjectConfigurationPlatforms) = postSolution
		{80AD2C74-CB15-45FD-BCCC-6AF11F659FBB}.Debug|Any CPU.ActiveCfg = Debug|Any CPU
		{80AD2C74-CB15-45FD-BCCC-6AF11F659FBB}.Debug|Any CPU.Build.0 = Debug|Any CPU
		{80AD2C74-CB15-45FD-BCCC-6AF11F659FBB}.Release|Any CPU.ActiveCfg = Release|Any CPU
		{80AD2C74-CB15-45FD-BCCC-6AF11F659FBB}.Release|Any CPU.Build.0 = Release|Any CPU
	EndGlobalSection
	GlobalSection(SolutionProperties) = preSolution
		HideSolutionNode = FALSE
	EndGlobalSection
	GlobalSection(ExtensibilityGlobals) = postSolution
		SolutionGuid = {40162574-3623-4F46-A830-6ECA5216235F}
	EndGlobalSection
EndGlobal
